// !$*UTF8*$!
{
	archiveVersion = 1;
	classes = {
	};
	objectVersion = 55;
	objects = {

/* Begin PBXBuildFile section */
		6089003B284C7E3100250136 /* AppDelegate.swift in Sources */ = {isa = PBXBuildFile; fileRef = 6089003A284C7E3100250136 /* AppDelegate.swift */; };
		6089003F284C7E3100250136 /* MapViewController+Menus.swift in Sources */ = {isa = PBXBuildFile; fileRef = 6089003E284C7E3100250136 /* MapViewController+Menus.swift */; };
		60890042284C7E3100250136 /* Main.storyboard in Resources */ = {isa = PBXBuildFile; fileRef = 60890040284C7E3100250136 /* Main.storyboard */; };
		60890044284C7E3200250136 /* Assets.xcassets in Resources */ = {isa = PBXBuildFile; fileRef = 60890043284C7E3200250136 /* Assets.xcassets */; };
		60890047284C7E3200250136 /* LaunchScreen.storyboard in Resources */ = {isa = PBXBuildFile; fileRef = 60890045284C7E3200250136 /* LaunchScreen.storyboard */; };
		60890051284C8AB200250136 /* MapViewController.swift in Sources */ = {isa = PBXBuildFile; fileRef = 60890050284C8AB200250136 /* MapViewController.swift */; };
		60890053284C8C0700250136 /* BreadcrumbPath.swift in Sources */ = {isa = PBXBuildFile; fileRef = 60890052284C8C0700250136 /* BreadcrumbPath.swift */; };
		60890055284C8C3900250136 /* BreadcrumbPathRenderer.swift in Sources */ = {isa = PBXBuildFile; fileRef = 60890054284C8C3900250136 /* BreadcrumbPathRenderer.swift */; };
		60890057284D5BEC00250136 /* MapViewController+Location.swift in Sources */ = {isa = PBXBuildFile; fileRef = 60890056284D5BEC00250136 /* MapViewController+Location.swift */; };
		608F55CB28B5F5D6007D65B3 /* SceneDelegate.swift in Sources */ = {isa = PBXBuildFile; fileRef = 608F55CA28B5F5D6007D65B3 /* SceneDelegate.swift */; };
		608F55D028B6C05C007D65B3 /* bells.aif in Resources */ = {isa = PBXBuildFile; fileRef = 608F55CF28B6C004007D65B3 /* bells.aif */; };
/* End PBXBuildFile section */

/* Begin PBXFileReference section */
		18268D705EBF9EFCB1D25C1B /* SampleCode.xcconfig */ = {isa = PBXFileReference; name = SampleCode.xcconfig; path = Configuration/SampleCode.xcconfig; sourceTree = "<group>"; };
		600AABB42856E91C002E4411 /* Info.plist */ = {isa = PBXFileReference; lastKnownFileType = text.plist.xml; path = Info.plist; sourceTree = "<group>"; };
		60890038284C7E3100250136 /* TravelHistory.app */ = {isa = PBXFileReference; explicitFileType = wrapper.application; includeInIndex = 0; path = TravelHistory.app; sourceTree = BUILT_PRODUCTS_DIR; };
		6089003A284C7E3100250136 /* AppDelegate.swift */ = {isa = PBXFileReference; lastKnownFileType = sourcecode.swift; path = AppDelegate.swift; sourceTree = "<group>"; };
		6089003E284C7E3100250136 /* MapViewController+Menus.swift */ = {isa = PBXFileReference; lastKnownFileType = sourcecode.swift; path = "MapViewController+Menus.swift"; sourceTree = "<group>"; };
		60890041284C7E3100250136 /* Base */ = {isa = PBXFileReference; lastKnownFileType = file.storyboard; name = Base; path = Base.lproj/Main.storyboard; sourceTree = "<group>"; };
		60890043284C7E3200250136 /* Assets.xcassets */ = {isa = PBXFileReference; lastKnownFileType = folder.assetcatalog; path = Assets.xcassets; sourceTree = "<group>"; };
		60890046284C7E3200250136 /* Base */ = {isa = PBXFileReference; lastKnownFileType = file.storyboard; name = Base; path = Base.lproj/LaunchScreen.storyboard; sourceTree = "<group>"; };
		60890050284C8AB200250136 /* MapViewController.swift */ = {isa = PBXFileReference; lastKnownFileType = sourcecode.swift; path = MapViewController.swift; sourceTree = "<group>"; };
		60890052284C8C0700250136 /* BreadcrumbPath.swift */ = {isa = PBXFileReference; lastKnownFileType = sourcecode.swift; path = BreadcrumbPath.swift; sourceTree = "<group>"; };
		60890054284C8C3900250136 /* BreadcrumbPathRenderer.swift */ = {isa = PBXFileReference; lastKnownFileType = sourcecode.swift; path = BreadcrumbPathRenderer.swift; sourceTree = "<group>"; };
		60890056284D5BEC00250136 /* MapViewController+Location.swift */ = {isa = PBXFileReference; lastKnownFileType = sourcecode.swift; path = "MapViewController+Location.swift"; sourceTree = "<group>"; };
		608F55CA28B5F5D6007D65B3 /* SceneDelegate.swift */ = {isa = PBXFileReference; fileEncoding = 4; lastKnownFileType = sourcecode.swift; path = SceneDelegate.swift; sourceTree = "<group>"; };
		608F55CF28B6C004007D65B3 /* bells.aif */ = {isa = PBXFileReference; lastKnownFileType = file; path = bells.aif; sourceTree = "<group>"; };
		6095B43728138EC000598AFD /* README.md */ = {isa = PBXFileReference; lastKnownFileType = net.daringfireball.markdown; path = README.md; sourceTree = "<group>"; };
		631A1B992A46E3B20B250695 /* LICENSE.txt */ = {isa = PBXFileReference; includeInIndex = 1; path = LICENSE.txt; sourceTree = "<group>"; };
/* End PBXFileReference section */

/* Begin PBXFrameworksBuildPhase section */
		60890035284C7E3100250136 /* Frameworks */ = {
			isa = PBXFrameworksBuildPhase;
			buildActionMask = 2147483647;
			files = (
			);
			runOnlyForDeploymentPostprocessing = 0;
		};
/* End PBXFrameworksBuildPhase section */

/* Begin PBXGroup section */
		38745EE3961755E33A0A97A5 /* LICENSE */ = {
			isa = PBXGroup;
			children = (
				631A1B992A46E3B20B250695 /* LICENSE.txt */,
			);
			name = LICENSE;
			path = LICENSE;
			sourceTree = "<group>";
		};
		60890039284C7E3100250136 /* TravelHistory */ = {
			isa = PBXGroup;
			children = (
				6089003A284C7E3100250136 /* AppDelegate.swift */,
				60890052284C8C0700250136 /* BreadcrumbPath.swift */,
				60890054284C8C3900250136 /* BreadcrumbPathRenderer.swift */,
				60890050284C8AB200250136 /* MapViewController.swift */,
				60890056284D5BEC00250136 /* MapViewController+Location.swift */,
				6089003E284C7E3100250136 /* MapViewController+Menus.swift */,
				6089004C284C7E3E00250136 /* Resources */,
				608F55CA28B5F5D6007D65B3 /* SceneDelegate.swift */,
			);
			path = TravelHistory;
			sourceTree = "<group>";
		};
		6089004C284C7E3E00250136 /* Resources */ = {
			isa = PBXGroup;
			children = (
				60890043284C7E3200250136 /* Assets.xcassets */,
				608F55CF28B6C004007D65B3 /* bells.aif */,
				600AABB42856E91C002E4411 /* Info.plist */,
				60890045284C7E3200250136 /* LaunchScreen.storyboard */,
				60890040284C7E3100250136 /* Main.storyboard */,
			);
			path = Resources;
			sourceTree = "<group>";
		};
		6095B41728138EA300598AFD = {
			isa = PBXGroup;
			children = (
				6095B43728138EC000598AFD /* README.md */,
				60890039284C7E3100250136 /* TravelHistory */,
				6095B42128138EA300598AFD /* Products */,
				F6812169678BCA49979F5BC8 /* Configuration */,
				38745EE3961755E33A0A97A5 /* LICENSE */,
			);
			sourceTree = "<group>";
		};
		6095B42128138EA300598AFD /* Products */ = {
			isa = PBXGroup;
			children = (
				60890038284C7E3100250136 /* TravelHistory.app */,
			);
			name = Products;
			sourceTree = "<group>";
		};
		F6812169678BCA49979F5BC8 /* Configuration */ = {
			isa = PBXGroup;
			children = (
				18268D705EBF9EFCB1D25C1B /* SampleCode.xcconfig */,
			);
			name = Configuration;
			sourceTree = "<group>";
		};
/* End PBXGroup section */

/* Begin PBXNativeTarget section */
		60890037284C7E3100250136 /* TravelHistory */ = {
			isa = PBXNativeTarget;
			buildConfigurationList = 60890049284C7E3200250136 /* Build configuration list for PBXNativeTarget "TravelHistory" */;
			buildPhases = (
				60890034284C7E3100250136 /* Sources */,
				60890035284C7E3100250136 /* Frameworks */,
				60890036284C7E3100250136 /* Resources */,
			);
			buildRules = (
			);
			dependencies = (
			);
			name = TravelHistory;
			productName = Breadcrumb;
			productReference = 60890038284C7E3100250136 /* TravelHistory.app */;
			productType = "com.apple.product-type.application";
		};
/* End PBXNativeTarget section */

/* Begin PBXProject section */
		6095B41828138EA300598AFD /* Project object */ = {
			isa = PBXProject;
			attributes = {
				BuildIndependentTargetsInParallel = 1;
				LastSwiftUpdateCheck = 1400;
				LastUpgradeCheck = 1330;
				ORGANIZATIONNAME = Apple;
				TargetAttributes = {
					60890037284C7E3100250136 = {
						CreatedOnToolsVersion = 14.0;
					};
				};
			};
			buildConfigurationList = 6095B41B28138EA300598AFD /* Build configuration list for PBXProject "TravelHistory" */;
			compatibilityVersion = "Xcode 13.0";
			developmentRegion = en;
			hasScannedForEncodings = 0;
			knownRegions = (
				en,
				Base,
			);
			mainGroup = 6095B41728138EA300598AFD;
			productRefGroup = 6095B42128138EA300598AFD /* Products */;
			projectDirPath = "";
			projectRoot = "";
			targets = (
				60890037284C7E3100250136 /* TravelHistory */,
			);
		};
/* End PBXProject section */

/* Begin PBXResourcesBuildPhase section */
		60890036284C7E3100250136 /* Resources */ = {
			isa = PBXResourcesBuildPhase;
			buildActionMask = 2147483647;
			files = (
				60890047284C7E3200250136 /* LaunchScreen.storyboard in Resources */,
				60890044284C7E3200250136 /* Assets.xcassets in Resources */,
				60890042284C7E3100250136 /* Main.storyboard in Resources */,
				608F55D028B6C05C007D65B3 /* bells.aif in Resources */,
			);
			runOnlyForDeploymentPostprocessing = 0;
		};
/* End PBXResourcesBuildPhase section */

/* Begin PBXSourcesBuildPhase section */
		60890034284C7E3100250136 /* Sources */ = {
			isa = PBXSourcesBuildPhase;
			buildActionMask = 2147483647;
			files = (
				60890057284D5BEC00250136 /* MapViewController+Location.swift in Sources */,
				608F55CB28B5F5D6007D65B3 /* SceneDelegate.swift in Sources */,
				6089003F284C7E3100250136 /* MapViewController+Menus.swift in Sources */,
				6089003B284C7E3100250136 /* AppDelegate.swift in Sources */,
				60890053284C8C0700250136 /* BreadcrumbPath.swift in Sources */,
				60890051284C8AB200250136 /* MapViewController.swift in Sources */,
				60890055284C8C3900250136 /* BreadcrumbPathRenderer.swift in Sources */,
			);
			runOnlyForDeploymentPostprocessing = 0;
		};
/* End PBXSourcesBuildPhase section */

/* Begin PBXVariantGroup section */
		60890040284C7E3100250136 /* Main.storyboard */ = {
			isa = PBXVariantGroup;
			children = (
				60890041284C7E3100250136 /* Base */,
			);
			name = Main.storyboard;
			sourceTree = "<group>";
		};
		60890045284C7E3200250136 /* LaunchScreen.storyboard */ = {
			isa = PBXVariantGroup;
			children = (
				60890046284C7E3200250136 /* Base */,
			);
			name = LaunchScreen.storyboard;
			sourceTree = "<group>";
		};
/* End PBXVariantGroup section */

/* Begin XCBuildConfiguration section */
		6089004A284C7E3200250136 /* Debug */ = {
			isa = XCBuildConfiguration;
			baseConfigurationReference = 18268D705EBF9EFCB1D25C1B /* SampleCode.xcconfig */;
			buildSettings = {
				ASSETCATALOG_COMPILER_APPICON_NAME = AppIcon;
				ASSETCATALOG_COMPILER_GLOBAL_ACCENT_COLOR_NAME = AccentColor;
				CODE_SIGN_STYLE = Automatic;
				CURRENT_PROJECT_VERSION = 1;
				DEVELOPMENT_TEAM = "";
				GENERATE_INFOPLIST_FILE = YES;
				INFOPLIST_FILE = TravelHistory/Resources/Info.plist;
				INFOPLIST_KEY_CFBundleDisplayName = "Travel History";
				INFOPLIST_KEY_NSLocationWhenInUseUsageDescription = "This sample needs access to your location to show your path on the map.";
				INFOPLIST_KEY_UIApplicationSupportsIndirectInputEvents = YES;
				INFOPLIST_KEY_UILaunchStoryboardName = LaunchScreen;
				INFOPLIST_KEY_UIMainStoryboardFile = Main;
				INFOPLIST_KEY_UISupportedInterfaceOrientations_iPad = "UIInterfaceOrientationPortrait UIInterfaceOrientationPortraitUpsideDown UIInterfaceOrientationLandscapeLeft UIInterfaceOrientationLandscapeRight";
				INFOPLIST_KEY_UISupportedInterfaceOrientations_iPhone = "UIInterfaceOrientationPortrait UIInterfaceOrientationLandscapeLeft UIInterfaceOrientationLandscapeRight";
				LD_RUNPATH_SEARCH_PATHS = (
					"$(inherited)",
					"@executable_path/Frameworks",
				);
				MARKETING_VERSION = 1.0;
				PRODUCT_BUNDLE_IDENTIFIER = "com.example.apple-samplecode.Breadcrumb${SAMPLE_CODE_DISAMBIGUATOR}";
				PRODUCT_NAME = "$(TARGET_NAME)";
				PROVISIONING_PROFILE_SPECIFIER = "";
				SUPPORTED_PLATFORMS = "iphoneos iphonesimulator";
				SUPPORTS_MACCATALYST = NO;
				SUPPORTS_MAC_DESIGNED_FOR_IPHONE_IPAD = NO;
				SWIFT_EMIT_LOC_STRINGS = YES;
				SWIFT_VERSION = 5.0;
				TARGETED_DEVICE_FAMILY = "1,2";
			};
			name = Debug;
		};
		6089004B284C7E3200250136 /* Release */ = {
			isa = XCBuildConfiguration;
			baseConfigurationReference = 18268D705EBF9EFCB1D25C1B /* SampleCode.xcconfig */;
			buildSettings = {
				ASSETCATALOG_COMPILER_APPICON_NAME = AppIcon;
				ASSETCATALOG_COMPILER_GLOBAL_ACCENT_COLOR_NAME = AccentColor;
				CODE_SIGN_STYLE = Automatic;
				CURRENT_PROJECT_VERSION = 1;
				DEVELOPMENT_TEAM = "";
				GENERATE_INFOPLIST_FILE = YES;
				INFOPLIST_FILE = TravelHistory/Resources/Info.plist;
				INFOPLIST_KEY_CFBundleDisplayName = "Travel History";
				INFOPLIST_KEY_NSLocationWhenInUseUsageDescription = "This sample needs access to your location to show your path on the map.";
				INFOPLIST_KEY_UIApplicationSupportsIndirectInputEvents = YES;
				INFOPLIST_KEY_UILaunchStoryboardName = LaunchScreen;
				INFOPLIST_KEY_UIMainStoryboardFile = Main;
				INFOPLIST_KEY_UISupportedInterfaceOrientations_iPad = "UIInterfaceOrientationPortrait UIInterfaceOrientationPortraitUpsideDown UIInterfaceOrientationLandscapeLeft UIInterfaceOrientationLandscapeRight";
				INFOPLIST_KEY_UISupportedInterfaceOrientations_iPhone = "UIInterfaceOrientationPortrait UIInterfaceOrientationLandscapeLeft UIInterfaceOrientationLandscapeRight";
				LD_RUNPATH_SEARCH_PATHS = (
					"$(inherited)",
					"@executable_path/Frameworks",
				);
				MARKETING_VERSION = 1.0;
				PRODUCT_BUNDLE_IDENTIFIER = "com.example.apple-samplecode.Breadcrumb${SAMPLE_CODE_DISAMBIGUATOR}";
				PRODUCT_NAME = "$(TARGET_NAME)";
				PROVISIONING_PROFILE_SPECIFIER = "";
				SUPPORTED_PLATFORMS = "iphoneos iphonesimulator";
				SUPPORTS_MACCATALYST = NO;
				SUPPORTS_MAC_DESIGNED_FOR_IPHONE_IPAD = NO;
				SWIFT_EMIT_LOC_STRINGS = YES;
				SWIFT_VERSION = 5.0;
				TARGETED_DEVICE_FAMILY = "1,2";
			};
			name = Release;
		};
		6095B43228138EA400598AFD /* Debug */ = {
			isa = XCBuildConfiguration;
			baseConfigurationReference = 18268D705EBF9EFCB1D25C1B /* SampleCode.xcconfig */;
			buildSettings = {
				ALWAYS_SEARCH_USER_PATHS = NO;
				CLANG_ANALYZER_NONNULL = YES;
				CLANG_ANALYZER_NUMBER_OBJECT_CONVERSION = YES_AGGRESSIVE;
				CLANG_CXX_LANGUAGE_STANDARD = "gnu++17";
				CLANG_ENABLE_MODULES = YES;
				CLANG_ENABLE_OBJC_ARC = YES;
				CLANG_ENABLE_OBJC_WEAK = YES;
				CLANG_WARN_BLOCK_CAPTURE_AUTORELEASING = YES;
				CLANG_WARN_BOOL_CONVERSION = YES;
				CLANG_WARN_COMMA = YES;
				CLANG_WARN_CONSTANT_CONVERSION = YES;
				CLANG_WARN_DEPRECATED_OBJC_IMPLEMENTATIONS = YES;
				CLANG_WARN_DIRECT_OBJC_ISA_USAGE = YES_ERROR;
				CLANG_WARN_DOCUMENTATION_COMMENTS = YES;
				CLANG_WARN_EMPTY_BODY = YES;
				CLANG_WARN_ENUM_CONVERSION = YES;
				CLANG_WARN_INFINITE_RECURSION = YES;
				CLANG_WARN_INT_CONVERSION = YES;
				CLANG_WARN_NON_LITERAL_NULL_CONVERSION = YES;
				CLANG_WARN_OBJC_IMPLICIT_RETAIN_SELF = YES;
				CLANG_WARN_OBJC_LITERAL_CONVERSION = YES;
				CLANG_WARN_OBJC_ROOT_CLASS = YES_ERROR;
				CLANG_WARN_QUOTED_INCLUDE_IN_FRAMEWORK_HEADER = YES;
				CLANG_WARN_RANGE_LOOP_ANALYSIS = YES;
				CLANG_WARN_STRICT_PROTOTYPES = YES;
				CLANG_WARN_SUSPICIOUS_MOVE = YES;
				CLANG_WARN_UNGUARDED_AVAILABILITY = YES_AGGRESSIVE;
				CLANG_WARN_UNREACHABLE_CODE = YES;
				CLANG_WARN__DUPLICATE_METHOD_MATCH = YES;
				COPY_PHASE_STRIP = NO;
				DEBUG_INFORMATION_FORMAT = dwarf;
				ENABLE_STRICT_OBJC_MSGSEND = YES;
				ENABLE_TESTABILITY = YES;
				GCC_C_LANGUAGE_STANDARD = gnu11;
				GCC_DYNAMIC_NO_PIC = NO;
				GCC_NO_COMMON_BLOCKS = YES;
				GCC_OPTIMIZATION_LEVEL = 0;
				GCC_PREPROCESSOR_DEFINITIONS = (
					"DEBUG=1",
					"$(inherited)",
				);
				GCC_WARN_64_TO_32_BIT_CONVERSION = YES;
				GCC_WARN_ABOUT_RETURN_TYPE = YES_ERROR;
				GCC_WARN_UNDECLARED_SELECTOR = YES;
				GCC_WARN_UNINITIALIZED_AUTOS = YES_AGGRESSIVE;
				GCC_WARN_UNUSED_FUNCTION = YES;
				GCC_WARN_UNUSED_VARIABLE = YES;
				IPHONEOS_DEPLOYMENT_TARGET = 16.0;
				MTL_ENABLE_DEBUG_INFO = INCLUDE_SOURCE;
				MTL_FAST_MATH = YES;
				ONLY_ACTIVE_ARCH = YES;
				SDKROOT = iphoneos;
				SWIFT_ACTIVE_COMPILATION_CONDITIONS = DEBUG;
				SWIFT_OPTIMIZATION_LEVEL = "-Onone";
			};
			name = Debug;
		};
		6095B43328138EA400598AFD /* Release */ = {
			isa = XCBuildConfiguration;
			baseConfigurationReference = 18268D705EBF9EFCB1D25C1B /* SampleCode.xcconfig */;
			buildSettings = {
				ALWAYS_SEARCH_USER_PATHS = NO;
				CLANG_ANALYZER_NONNULL = YES;
				CLANG_ANALYZER_NUMBER_OBJECT_CONVERSION = YES_AGGRESSIVE;
				CLANG_CXX_LANGUAGE_STANDARD = "gnu++17";
				CLANG_ENABLE_MODULES = YES;
				CLANG_ENABLE_OBJC_ARC = YES;
				CLANG_ENABLE_OBJC_WEAK = YES;
				CLANG_WARN_BLOCK_CAPTURE_AUTORELEASING = YES;
				CLANG_WARN_BOOL_CONVERSION = YES;
				CLANG_WARN_COMMA = YES;
				CLANG_WARN_CONSTANT_CONVERSION = YES;
				CLANG_WARN_DEPRECATED_OBJC_IMPLEMENTATIONS = YES;
				CLANG_WARN_DIRECT_OBJC_ISA_USAGE = YES_ERROR;
				CLANG_WARN_DOCUMENTATION_COMMENTS = YES;
				CLANG_WARN_EMPTY_BODY = YES;
				CLANG_WARN_ENUM_CONVERSION = YES;
				CLANG_WARN_INFINITE_RECURSION = YES;
				CLANG_WARN_INT_CONVERSION = YES;
				CLANG_WARN_NON_LITERAL_NULL_CONVERSION = YES;
				CLANG_WARN_OBJC_IMPLICIT_RETAIN_SELF = YES;
				CLANG_WARN_OBJC_LITERAL_CONVERSION = YES;
				CLANG_WARN_OBJC_ROOT_CLASS = YES_ERROR;
				CLANG_WARN_QUOTED_INCLUDE_IN_FRAMEWORK_HEADER = YES;
				CLANG_WARN_RANGE_LOOP_ANALYSIS = YES;
				CLANG_WARN_STRICT_PROTOTYPES = YES;
				CLANG_WARN_SUSPICIOUS_MOVE = YES;
				CLANG_WARN_UNGUARDED_AVAILABILITY = YES_AGGRESSIVE;
				CLANG_WARN_UNREACHABLE_CODE = YES;
				CLANG_WARN__DUPLICATE_METHOD_MATCH = YES;
				COPY_PHASE_STRIP = NO;
				DEBUG_INFORMATION_FORMAT = "dwarf-with-dsym";
				ENABLE_NS_ASSERTIONS = NO;
				ENABLE_STRICT_OBJC_MSGSEND = YES;
				GCC_C_LANGUAGE_STANDARD = gnu11;
				GCC_NO_COMMON_BLOCKS = YES;
				GCC_WARN_64_TO_32_BIT_CONVERSION = YES;
				GCC_WARN_ABOUT_RETURN_TYPE = YES_ERROR;
				GCC_WARN_UNDECLARED_SELECTOR = YES;
				GCC_WARN_UNINITIALIZED_AUTOS = YES_AGGRESSIVE;
				GCC_WARN_UNUSED_FUNCTION = YES;
				GCC_WARN_UNUSED_VARIABLE = YES;
				IPHONEOS_DEPLOYMENT_TARGET = 16.0;
				MTL_ENABLE_DEBUG_INFO = NO;
				MTL_FAST_MATH = YES;
				SDKROOT = iphoneos;
				SWIFT_COMPILATION_MODE = wholemodule;
				SWIFT_OPTIMIZATION_LEVEL = "-O";
				VALIDATE_PRODUCT = YES;
			};
			name = Release;
		};
/* End XCBuildConfiguration section */

/* Begin XCConfigurationList section */
		60890049284C7E3200250136 /* Build configuration list for PBXNativeTarget "TravelHistory" */ = {
			isa = XCConfigurationList;
			buildConfigurations = (
				6089004A284C7E3200250136 /* Debug */,
				6089004B284C7E3200250136 /* Release */,
			);
			defaultConfigurationIsVisible = 0;
			defaultConfigurationName = Release;
		};
		6095B41B28138EA300598AFD /* Build configuration list for PBXProject "TravelHistory" */ = {
			isa = XCConfigurationList;
			buildConfigurations = (
				6095B43228138EA400598AFD /* Debug */,
				6095B43328138EA400598AFD /* Release */,
			);
			defaultConfigurationIsVisible = 0;
			defaultConfigurationName = Release;
		};
/* End XCConfigurationList section */
	};
	rootObject = 6095B41828138EA300598AFD /* Project object */;
}
